{
    "_meta": {
        "hash": {
            "sha256": "c02fdd9cf914d0ce7944f8ddcb629024358e46ebd650f8688670406b2f93e701"
        },
        "pipfile-spec": 6,
        "requires": {
            "python_version": "3.6"
        },
        "sources": [
            {
                "name": "pypi",
                "url": "https://pypi.org/simple",
                "verify_ssl": true
            }
        ]
    },
    "default": {
        "parse": {
            "hashes": [
                "sha256:5e171b001452fa9f004c5a58a93525175468daf69b493e9fa915347ed7ff6968",
                "sha256:bd28bae37714b45d5894d77160a16e2be36b64a3b618c81168b3684676aa498b"
            ],
            "index": "pypi",
            "version": "==1.20.0"
        }
    },
    "develop": {}
}
